[
  {
    "id": 95885876,
    "node_id": "MDEwOlJlcG9zaXRvcnk5NTg4NTg3Ng==",
    "name": "blip-client-testing-csharp",
    "full_name": "takenet/blip-client-testing-csharp",
    "private": false,
    "owner": {
      "login": "takenet",
      "id": 4369522,
      "node_id": "MDEyOk9yZ2FuaXphdGlvbjQzNjk1MjI=",
      "avatar_url": "https://avatars.githubusercontent.com/u/4369522?v=4",
      "gravatar_id": "",
      "url": "https://api.github.com/users/takenet",
      "html_url": "https://github.com/takenet",
      "followers_url": "https://api.github.com/users/takenet/followers",
      "following_url": "https://api.github.com/users/takenet/following{/other_user}",
      "gists_url": "https://api.github.com/users/takenet/gists{/gist_id}",
      "starred_url": "https://api.github.com/users/takenet/starred{/owner}{/repo}",
      "subscriptions_url": "https://api.github.com/users/takenet/subscriptions",
      "organizations_url": "https://api.github.com/users/takenet/orgs",
      "repos_url": "https://api.github.com/users/takenet/repos",
      "events_url": "https://api.github.com/users/takenet/events{/privacy}",
      "received_events_url": "https://api.github.com/users/takenet/received_events",
      "type": "Organization",
      "site_admin": false
    },
    "html_url": "https://github.com/takenet/blip-client-testing-csharp",
    "description": "A host to create acceptance tests for chatbots created using BLiP C# SDK (https://github.com/takenet/messaginghub-client-csharp)",
    "fork": false,
    "url": "https://api.github.com/repos/takenet/blip-client-testing-csharp",
    "forks_url": "https://api.github.com/repos/takenet/blip-client-testing-csharp/forks",
    "keys_url": "https://api.github.com/repos/takenet/blip-client-testing-csharp/keys{/key_id}",
    "collaborators_url": "https://api.github.com/repos/takenet/blip-client-testing-csharp/collaborators{/collaborator}",
    "teams_url": "https://api.github.com/repos/takenet/blip-client-testing-csharp/teams",
    "hooks_url": "https://api.github.com/repos/takenet/blip-client-testing-csharp/hooks",
    "issue_events_url": "https://api.github.com/repos/takenet/blip-client-testing-csharp/issues/events{/number}",
    "events_url": "https://api.github.com/repos/takenet/blip-client-testing-csharp/events",
    "assignees_url": "https://api.github.com/repos/takenet/blip-client-testing-csharp/assignees{/user}",
    "branches_url": "https://api.github.com/repos/takenet/blip-client-testing-csharp/branches{/branch}",
    "tags_url": "https://api.github.com/repos/takenet/blip-client-testing-csharp/tags",
    "blobs_url": "https://api.github.com/repos/takenet/blip-client-testing-csharp/git/blobs{/sha}",
    "git_tags_url": "https://api.github.com/repos/takenet/blip-client-testing-csharp/git/tags{/sha}",
    "git_refs_url": "https://api.github.com/repos/takenet/blip-client-testing-csharp/git/refs{/sha}",
    "trees_url": "https://api.github.com/repos/takenet/blip-client-testing-csharp/git/trees{/sha}",
    "statuses_url": "https://api.github.com/repos/takenet/blip-client-testing-csharp/statuses/{sha}",
    "languages_url": "https://api.github.com/repos/takenet/blip-client-testing-csharp/languages",
    "stargazers_url": "https://api.github.com/repos/takenet/blip-client-testing-csharp/stargazers",
    "contributors_url": "https://api.github.com/repos/takenet/blip-client-testing-csharp/contributors",
    "subscribers_url": "https://api.github.com/repos/takenet/blip-client-testing-csharp/subscribers",
    "subscription_url": "https://api.github.com/repos/takenet/blip-client-testing-csharp/subscription",
    "commits_url": "https://api.github.com/repos/takenet/blip-client-testing-csharp/commits{/sha}",
    "git_commits_url": "https://api.github.com/repos/takenet/blip-client-testing-csharp/git/commits{/sha}",
    "comments_url": "https://api.github.com/repos/takenet/blip-client-testing-csharp/comments{/number}",
    "issue_comment_url": "https://api.github.com/repos/takenet/blip-client-testing-csharp/issues/comments{/number}",
    "contents_url": "https://api.github.com/repos/takenet/blip-client-testing-csharp/contents/{+path}",
    "compare_url": "https://api.github.com/repos/takenet/blip-client-testing-csharp/compare/{base}...{head}",
    "merges_url": "https://api.github.com/repos/takenet/blip-client-testing-csharp/merges",
    "archive_url": "https://api.github.com/repos/takenet/blip-client-testing-csharp/{archive_format}{/ref}",
    "downloads_url": "https://api.github.com/repos/takenet/blip-client-testing-csharp/downloads",
    "issues_url": "https://api.github.com/repos/takenet/blip-client-testing-csharp/issues{/number}",
    "pulls_url": "https://api.github.com/repos/takenet/blip-client-testing-csharp/pulls{/number}",
    "milestones_url": "https://api.github.com/repos/takenet/blip-client-testing-csharp/milestones{/number}",
    "notifications_url": "https://api.github.com/repos/takenet/blip-client-testing-csharp/notifications{?since,all,participating}",
    "labels_url": "https://api.github.com/repos/takenet/blip-client-testing-csharp/labels{/name}",
    "releases_url": "https://api.github.com/repos/takenet/blip-client-testing-csharp/releases{/id}",
    "deployments_url": "https://api.github.com/repos/takenet/blip-client-testing-csharp/deployments",
    "created_at": "2017-06-30T12:20:58Z",
    "updated_at": "2021-02-19T21:32:36Z",
    "pushed_at": "2017-08-18T18:28:02Z",
    "git_url": "git://github.com/takenet/blip-client-testing-csharp.git",
    "ssh_url": "git@github.com:takenet/blip-client-testing-csharp.git",
    "clone_url": "https://github.com/takenet/blip-client-testing-csharp.git",
    "svn_url": "https://github.com/takenet/blip-client-testing-csharp",
    "homepage": "",
    "size": 30,
    "stargazers_count": 2,
    "watchers_count": 2,
    "language": "C#",
    "has_issues": true,
    "has_projects": true,
    "has_downloads": true,
    "has_wiki": true,
    "has_pages": false,
    "has_discussions": false,
    "forks_count": 1,
    "mirror_url": null,
    "archived": false,
    "disabled": false,
    "open_issues_count": 1,
    "license": {
      "key": "apache-2.0",
      "name": "Apache License 2.0",
      "spdx_id": "Apache-2.0",
      "url": "https://api.github.com/licenses/apache-2.0",
      "node_id": "MDc6TGljZW5zZTI="
    },
    "allow_forking": true,
    "is_template": false,
    "web_commit_signoff_required": false,
    "topics": [
      "blip",
      "chatbot",
      "testing"
    ],
    "visibility": "public",
    "forks": 1,
    "open_issues": 1,
    "watchers": 2,
    "default_branch": "master"
  },
  {
    "id": 104798298,
    "node_id": "MDEwOlJlcG9zaXRvcnkxMDQ3OTgyOTg=",
    "name": "async-samples",
    "full_name": "takenet/async-samples",
    "private": false,
    "owner": {
      "login": "takenet",
      "id": 4369522,
      "node_id": "MDEyOk9yZ2FuaXphdGlvbjQzNjk1MjI=",
      "avatar_url": "https://avatars.githubusercontent.com/u/4369522?v=4",
      "gravatar_id": "",
      "url": "https://api.github.com/users/takenet",
      "html_url": "https://github.com/takenet",
      "followers_url": "https://api.github.com/users/takenet/followers",
      "following_url": "https://api.github.com/users/takenet/following{/other_user}",
      "gists_url": "https://api.github.com/users/takenet/gists{/gist_id}",
      "starred_url": "https://api.github.com/users/takenet/starred{/owner}{/repo}",
      "subscriptions_url": "https://api.github.com/users/takenet/subscriptions",
      "organizations_url": "https://api.github.com/users/takenet/orgs",
      "repos_url": "https://api.github.com/users/takenet/repos",
      "events_url": "https://api.github.com/users/takenet/events{/privacy}",
      "received_events_url": "https://api.github.com/users/takenet/received_events",
      "type": "Organization",
      "site_admin": false
    },
    "html_url": "https://github.com/takenet/async-samples",
    "description": "Samples for the Take's C# async coding training",
    "fork": false,
    "url": "https://api.github.com/repos/takenet/async-samples",
    "forks_url": "https://api.github.com/repos/takenet/async-samples/forks",
    "keys_url": "https://api.github.com/repos/takenet/async-samples/keys{/key_id}",
    "collaborators_url": "https://api.github.com/repos/takenet/async-samples/collaborators{/collaborator}",
    "teams_url": "https://api.github.com/repos/takenet/async-samples/teams",
    "hooks_url": "https://api.github.com/repos/takenet/async-samples/hooks",
    "issue_events_url": "https://api.github.com/repos/takenet/async-samples/issues/events{/number}",
    "events_url": "https://api.github.com/repos/takenet/async-samples/events",
    "assignees_url": "https://api.github.com/repos/takenet/async-samples/assignees{/user}",
    "branches_url": "https://api.github.com/repos/takenet/async-samples/branches{/branch}",
    "tags_url": "https://api.github.com/repos/takenet/async-samples/tags",
    "blobs_url": "https://api.github.com/repos/takenet/async-samples/git/blobs{/sha}",
    "git_tags_url": "https://api.github.com/repos/takenet/async-samples/git/tags{/sha}",
    "git_refs_url": "https://api.github.com/repos/takenet/async-samples/git/refs{/sha}",
    "trees_url": "https://api.github.com/repos/takenet/async-samples/git/trees{/sha}",
    "statuses_url": "https://api.github.com/repos/takenet/async-samples/statuses/{sha}",
    "languages_url": "https://api.github.com/repos/takenet/async-samples/languages",
    "stargazers_url": "https://api.github.com/repos/takenet/async-samples/stargazers",
    "contributors_url": "https://api.github.com/repos/takenet/async-samples/contributors",
    "subscribers_url": "https://api.github.com/repos/takenet/async-samples/subscribers",
    "subscription_url": "https://api.github.com/repos/takenet/async-samples/subscription",
    "commits_url": "https://api.github.com/repos/takenet/async-samples/commits{/sha}",
    "git_commits_url": "https://api.github.com/repos/takenet/async-samples/git/commits{/sha}",
    "comments_url": "https://api.github.com/repos/takenet/async-samples/comments{/number}",
    "issue_comment_url": "https://api.github.com/repos/takenet/async-samples/issues/comments{/number}",
    "contents_url": "https://api.github.com/repos/takenet/async-samples/contents/{+path}",
    "compare_url": "https://api.github.com/repos/takenet/async-samples/compare/{base}...{head}",
    "merges_url": "https://api.github.com/repos/takenet/async-samples/merges",
    "archive_url": "https://api.github.com/repos/takenet/async-samples/{archive_format}{/ref}",
    "downloads_url": "https://api.github.com/repos/takenet/async-samples/downloads",
    "issues_url": "https://api.github.com/repos/takenet/async-samples/issues{/number}",
    "pulls_url": "https://api.github.com/repos/takenet/async-samples/pulls{/number}",
    "milestones_url": "https://api.github.com/repos/takenet/async-samples/milestones{/number}",
    "notifications_url": "https://api.github.com/repos/takenet/async-samples/notifications{?since,all,participating}",
    "labels_url": "https://api.github.com/repos/takenet/async-samples/labels{/name}",
    "releases_url": "https://api.github.com/repos/takenet/async-samples/releases{/id}",
    "deployments_url": "https://api.github.com/repos/takenet/async-samples/deployments",
    "created_at": "2017-09-25T20:23:09Z",
    "updated_at": "2017-09-25T20:24:28Z",
    "pushed_at": "2017-09-25T20:27:05Z",
    "git_url": "git://github.com/takenet/async-samples.git",
    "ssh_url": "git@github.com:takenet/async-samples.git",
    "clone_url": "https://github.com/takenet/async-samples.git",
    "svn_url": "https://github.com/takenet/async-samples",
    "homepage": null,
    "size": 12,
    "stargazers_count": 0,
    "watchers_count": 0,
    "language": "C#",
    "has_issues": true,
    "has_projects": true,
    "has_downloads": true,
    "has_wiki": true,
    "has_pages": false,
    "has_discussions": false,
    "forks_count": 0,
    "mirror_url": null,
    "archived": false,
    "disabled": false,
    "open_issues_count": 0,
    "license": {
      "key": "apache-2.0",
      "name": "Apache License 2.0",
      "spdx_id": "Apache-2.0",
      "url": "https://api.github.com/licenses/apache-2.0",
      "node_id": "MDc6TGljZW5zZTI="
    },
    "allow_forking": true,
    "is_template": false,
    "web_commit_signoff_required": false,
    "topics": [],
    "visibility": "public",
    "forks": 0,
    "open_issues": 0,
    "watchers": 0,
    "default_branch": "master"
  },
  {
    "id": 127461205,
    "node_id": "MDEwOlJlcG9zaXRvcnkxMjc0NjEyMDU=",
    "name": "blip-CLI",
    "full_name": "takenet/blip-CLI",
    "private": false,
    "owner": {
      "login": "takenet",
      "id": 4369522,
      "node_id": "MDEyOk9yZ2FuaXphdGlvbjQzNjk1MjI=",
      "avatar_url": "https://avatars.githubusercontent.com/u/4369522?v=4",
      "gravatar_id": "",
      "url": "https://api.github.com/users/takenet",
      "html_url": "https://github.com/takenet",
      "followers_url": "https://api.github.com/users/takenet/followers",
      "following_url": "https://api.github.com/users/takenet/following{/other_user}",
      "gists_url": "https://api.github.com/users/takenet/gists{/gist_id}",
      "starred_url": "https://api.github.com/users/takenet/starred{/owner}{/repo}",
      "subscriptions_url": "https://api.github.com/users/takenet/subscriptions",
      "organizations_url": "https://api.github.com/users/takenet/orgs",
      "repos_url": "https://api.github.com/users/takenet/repos",
      "events_url": "https://api.github.com/users/takenet/events{/privacy}",
      "received_events_url": "https://api.github.com/users/takenet/received_events",
      "type": "Organization",
      "site_admin": false
    },
    "html_url": "https://github.com/takenet/blip-CLI",
    "description": "BLiP command-line (CLI) tool, used for managing data of BLiP's bots. blip-CLI helps to make easy and quickly your development flow and the execution of some repetitive tasks.",
    "fork": false,
    "url": "https://api.github.com/repos/takenet/blip-CLI",
    "forks_url": "https://api.github.com/repos/takenet/blip-CLI/forks",
    "keys_url": "https://api.github.com/repos/takenet/blip-CLI/keys{/key_id}",
    "collaborators_url": "https://api.github.com/repos/takenet/blip-CLI/collaborators{/collaborator}",
    "teams_url": "https://api.github.com/repos/takenet/blip-CLI/teams",
    "hooks_url": "https://api.github.com/repos/takenet/blip-CLI/hooks",
    "issue_events_url": "https://api.github.com/repos/takenet/blip-CLI/issues/events{/number}",
    "events_url": "https://api.github.com/repos/takenet/blip-CLI/events",
    "assignees_url": "https://api.github.com/repos/takenet/blip-CLI/assignees{/user}",
    "branches_url": "https://api.github.com/repos/takenet/blip-CLI/branches{/branch}",
    "tags_url": "https://api.github.com/repos/takenet/blip-CLI/tags",
    "blobs_url": "https://api.github.com/repos/takenet/blip-CLI/git/blobs{/sha}",
    "git_tags_url": "https://api.github.com/repos/takenet/blip-CLI/git/tags{/sha}",
    "git_refs_url": "https://api.github.com/repos/takenet/blip-CLI/git/refs{/sha}",
    "trees_url": "https://api.github.com/repos/takenet/blip-CLI/git/trees{/sha}",
    "statuses_url": "https://api.github.com/repos/takenet/blip-CLI/statuses/{sha}",
    "languages_url": "https://api.github.com/repos/takenet/blip-CLI/languages",
    "stargazers_url": "https://api.github.com/repos/takenet/blip-CLI/stargazers",
    "contributors_url": "https://api.github.com/repos/takenet/blip-CLI/contributors",
    "subscribers_url": "https://api.github.com/repos/takenet/blip-CLI/subscribers",
    "subscription_url": "https://api.github.com/repos/takenet/blip-CLI/subscription",
    "commits_url": "https://api.github.com/repos/takenet/blip-CLI/commits{/sha}",
    "git_commits_url": "https://api.github.com/repos/takenet/blip-CLI/git/commits{/sha}",
    "comments_url": "https://api.github.com/repos/takenet/blip-CLI/comments{/number}",
    "issue_comment_url": "https://api.github.com/repos/takenet/blip-CLI/issues/comments{/number}",
    "contents_url": "https://api.github.com/repos/takenet/blip-CLI/contents/{+path}",
    "compare_url": "https://api.github.com/repos/takenet/blip-CLI/compare/{base}...{head}",
    "merges_url": "https://api.github.com/repos/takenet/blip-CLI/merges",
    "archive_url": "https://api.github.com/repos/takenet/blip-CLI/{archive_format}{/ref}",
    "downloads_url": "https://api.github.com/repos/takenet/blip-CLI/downloads",
    "issues_url": "https://api.github.com/repos/takenet/blip-CLI/issues{/number}",
    "pulls_url": "https://api.github.com/repos/takenet/blip-CLI/pulls{/number}",
    "milestones_url": "https://api.github.com/repos/takenet/blip-CLI/milestones{/number}",
    "notifications_url": "https://api.github.com/repos/takenet/blip-CLI/notifications{?since,all,participating}",
    "labels_url": "https://api.github.com/repos/takenet/blip-CLI/labels{/name}",
    "releases_url": "https://api.github.com/repos/takenet/blip-CLI/releases{/id}",
    "deployments_url": "https://api.github.com/repos/takenet/blip-CLI/deployments",
    "created_at": "2018-03-30T18:38:55Z",
    "updated_at": "2024-02-13T21:58:40Z",
    "pushed_at": "2019-01-08T20:39:19Z",
    "git_url": "git://github.com/takenet/blip-CLI.git",
    "ssh_url": "git@github.com:takenet/blip-CLI.git",
    "clone_url": "https://github.com/takenet/blip-CLI.git",
    "svn_url": "https://github.com/takenet/blip-CLI",
    "homepage": "https://blip.ai",
    "size": 414,
    "stargazers_count": 4,
    "watchers_count": 4,
    "language": "C#",
    "has_issues": true,
    "has_projects": true,
    "has_downloads": true,
    "has_wiki": true,
    "has_pages": false,
    "has_discussions": false,
    "forks_count": 8,
    "mirror_url": null,
    "archived": false,
    "disabled": false,
    "open_issues_count": 1,
    "license": null,
    "allow_forking": true,
    "is_template": false,
    "web_commit_signoff_required": false,
    "topics": [],
    "visibility": "public",
    "forks": 8,
    "open_issues": 1,
    "watchers": 4,
    "default_branch": "master"
  }
]